
Microsoft Visual Studio Solution File, Format Version 12.00
# Visual Studio 15
VisualStudioVersion = 15.0.27428.2037
MinimumVisualStudioVersion = 10.0.40219.1
Project("{FAE04EC0-301F-11D3-BF4B-00C04F79EFBC}") = "Programmering1_SequenceDiagram", "Programmering1_SequenceDiagram\Programmering1_SequenceDiagram.csproj", "{4751ABAC-5543-41C4-AD29-07647EDD702D}"
EndProject
Global
	GlobalSection(SolutionConfigurationPlatforms) = preSolution
		Debug|Any CPU = Debug|Any CPU
		Release|Any CPU = Release|Any CPU
	EndGlobalSection
	GlobalSection(ProjectConfigurationPlatforms) = postSolution
		{4751ABAC-5543-41C4-AD29-07647EDD702D}.Debug|Any CPU.ActiveCfg = Debug|Any CPU
		{4751ABAC-5543-41C4-AD29-07647EDD702D}.Debug|Any CPU.Build.0 = Debug|Any CPU
		{4751ABAC-5543-41C4-AD29-07647EDD702D}.Release|Any CPU.ActiveCfg = Release|Any CPU
		{4751ABAC-5543-41C4-AD29-07647EDD702D}.Release|Any CPU.Build.0 = Release|Any CPU
	EndGlobalSection
	GlobalSection(SolutionProperties) = preSolution
		HideSolutionNode = FALSE
	EndGlobalSection
	GlobalSection(ExtensibilityGlobals) = postSolution
		SolutionGuid = {D0E5B6F8-50FE-46C8-B139-50C5C3AE33AC}
	EndGlobalSection
EndGlobal
